
Microsoft Visual Studio Solution File, Format Version 12.00
# Visual Studio 15
VisualStudioVersion = 15.0.28307.421
MinimumVisualStudioVersion = 10.0.40219.1
Project("{FAE04EC0-301F-11D3-BF4B-00C04F79EFBC}") = "homework1", "homework\homework1.csproj", "{0229A446-B700-40D9-A397-25F8F999CACC}"
EndProject
Project("{FAE04EC0-301F-11D3-BF4B-00C04F79EFBC}") = "homework2", "homework2\homework2.csproj", "{9683D73B-C460-41AD-9025-6D45FCC4E2B4}"
EndProject
Project("{FAE04EC0-301F-11D3-BF4B-00C04F79EFBC}") = "homework3", "homework3\homework3.csproj", "{557B9CA0-2D5C-4D12-9075-4E3F5758F62B}"
EndProject
Global
	GlobalSection(SolutionConfigurationPlatforms) = preSolution
		Debug|Any CPU = Debug|Any CPU
		Release|Any CPU = Release|Any CPU
	EndGlobalSection
	GlobalSection(ProjectConfigurationPlatforms) = postSolution
		{0229A446-B700-40D9-A397-25F8F999CACC}.Debug|Any CPU.ActiveCfg = Debug|Any CPU
		{0229A446-B700-40D9-A397-25F8F999CACC}.Debug|Any CPU.Build.0 = Debug|Any CPU
		{0229A446-B700-40D9-A397-25F8F999CACC}.Release|Any CPU.ActiveCfg = Release|Any CPU
		{0229A446-B700-40D9-A397-25F8F999CACC}.Release|Any CPU.Build.0 = Release|Any CPU
		{9683D73B-C460-41AD-9025-6D45FCC4E2B4}.Debug|Any CPU.ActiveCfg = Debug|Any CPU
		{9683D73B-C460-41AD-9025-6D45FCC4E2B4}.Debug|Any CPU.Build.0 = Debug|Any CPU
		{9683D73B-C460-41AD-9025-6D45FCC4E2B4}.Release|Any CPU.ActiveCfg = Release|Any CPU
		{9683D73B-C460-41AD-9025-6D45FCC4E2B4}.Release|Any CPU.Build.0 = Release|Any CPU
		{557B9CA0-2D5C-4D12-9075-4E3F5758F62B}.Debug|Any CPU.ActiveCfg = Debug|Any CPU
		{557B9CA0-2D5C-4D12-9075-4E3F5758F62B}.Debug|Any CPU.Build.0 = Debug|Any CPU
		{557B9CA0-2D5C-4D12-9075-4E3F5758F62B}.Release|Any CPU.ActiveCfg = Release|Any CPU
		{557B9CA0-2D5C-4D12-9075-4E3F5758F62B}.Release|Any CPU.Build.0 = Release|Any CPU
	EndGlobalSection
	GlobalSection(SolutionProperties) = preSolution
		HideSolutionNode = FALSE
	EndGlobalSection
	GlobalSection(ExtensibilityGlobals) = postSolution
		SolutionGuid = {76766895-18A0-46C6-B012-BFE8DF39BBF1}
	EndGlobalSection
EndGlobal
